
Microsoft Visual Studio Solution File, Format Version 12.00
# Visual Studio Version 16
VisualStudioVersion = 16.0.30523.141
MinimumVisualStudioVersion = 10.0.40219.1
Project("{FAE04EC0-301F-11D3-BF4B-00C04F79EFBC}") = "soa_01", "soa_01\soa_01.csproj", "{2ABAC0A7-39A0-4821-8A59-5013C4965D97}"
EndProject
Global
	GlobalSection(SolutionConfigurationPlatforms) = preSolution
		Debug|Any CPU = Debug|Any CPU
		Release|Any CPU = Release|Any CPU
	EndGlobalSection
	GlobalSection(ProjectConfigurationPlatforms) = postSolution
		{2ABAC0A7-39A0-4821-8A59-5013C4965D97}.Debug|Any CPU.ActiveCfg = Debug|Any CPU
		{2ABAC0A7-39A0-4821-8A59-5013C4965D97}.Debug|Any CPU.Build.0 = Debug|Any CPU
		{2ABAC0A7-39A0-4821-8A59-5013C4965D97}.Release|Any CPU.ActiveCfg = Release|Any CPU
		{2ABAC0A7-39A0-4821-8A59-5013C4965D97}.Release|Any CPU.Build.0 = Release|Any CPU
	EndGlobalSection
	GlobalSection(SolutionProperties) = preSolution
		HideSolutionNode = FALSE
	EndGlobalSection
	GlobalSection(ExtensibilityGlobals) = postSolution
		SolutionGuid = {15A5A087-A1CD-46CB-B1A4-7B83A72E8324}
	EndGlobalSection
EndGlobal
